// !$*UTF8*$!
{
	archiveVersion = 1;
	classes = {
	};
	objectVersion = 50;
	objects = {

/* Begin PBXBuildFile section */
		4E09F6D72150A4DB00F167DD /* AppDelegate.swift in Sources */ = {isa = PBXBuildFile; fileRef = 4E09F6D62150A4DB00F167DD /* AppDelegate.swift */; };
		4E09F6DC2150A4DB00F167DD /* Main.storyboard in Resources */ = {isa = PBXBuildFile; fileRef = 4E09F6DA2150A4DB00F167DD /* Main.storyboard */; };
		4E09F6DE2150A4DD00F167DD /* Assets.xcassets in Resources */ = {isa = PBXBuildFile; fileRef = 4E09F6DD2150A4DD00F167DD /* Assets.xcassets */; };
		4E09F6E12150A4DD00F167DD /* LaunchScreen.storyboard in Resources */ = {isa = PBXBuildFile; fileRef = 4E09F6DF2150A4DD00F167DD /* LaunchScreen.storyboard */; };
		4E09F6EC2150A4DD00F167DD /* InstagramTests.swift in Sources */ = {isa = PBXBuildFile; fileRef = 4E09F6EB2150A4DD00F167DD /* InstagramTests.swift */; };
		4E09F6F72150A4DD00F167DD /* InstagramUITests.swift in Sources */ = {isa = PBXBuildFile; fileRef = 4E09F6F62150A4DD00F167DD /* InstagramUITests.swift */; };
		4E09F708215334D100F167DD /* LoginViewController.swift in Sources */ = {isa = PBXBuildFile; fileRef = 4E09F707215334D100F167DD /* LoginViewController.swift */; };
		4E61F80E2155D44400B698D9 /* HomeFeedViewController.swift in Sources */ = {isa = PBXBuildFile; fileRef = 4E61F80D2155D44400B698D9 /* HomeFeedViewController.swift */; };
		4EE040A92156313E001FDD81 /* PhotoMapViewController.swift in Sources */ = {isa = PBXBuildFile; fileRef = 4EE040A82156313E001FDD81 /* PhotoMapViewController.swift */; };
		4EE040AB215776FE001FDD81 /* HomeTableViewCell.swift in Sources */ = {isa = PBXBuildFile; fileRef = 4EE040AA215776FE001FDD81 /* HomeTableViewCell.swift */; };
		4EE040AD215783E6001FDD81 /* ProfileViewController.swift in Sources */ = {isa = PBXBuildFile; fileRef = 4EE040AC215783E6001FDD81 /* ProfileViewController.swift */; };
		4EE0780A215DA92800501956 /* Post.swift in Sources */ = {isa = PBXBuildFile; fileRef = 4EE07809215DA92800501956 /* Post.swift */; };
		4EE0780C215DAC5A00501956 /* PostDetailViewController.swift in Sources */ = {isa = PBXBuildFile; fileRef = 4EE0780B215DAC5A00501956 /* PostDetailViewController.swift */; };
		4EE07810215DB14F00501956 /* Showtime.swift in Sources */ = {isa = PBXBuildFile; fileRef = 4EE0780F215DB14F00501956 /* Showtime.swift */; };
		6722A9CF33C528C304C50EB8 /* Pods_Instagram.framework in Frameworks */ = {isa = PBXBuildFile; fileRef = C18434FE07F2EBC422B9C10D /* Pods_Instagram.framework */; };
		8DE6360BECDD6C339CD10685 /* Pods_InstagramTests.framework in Frameworks */ = {isa = PBXBuildFile; fileRef = B81EE49C0CD54A26EE62CB9C /* Pods_InstagramTests.framework */; };
		9B63A0EF2234AC9DFC36D899 /* Pods_InstagramUITests.framework in Frameworks */ = {isa = PBXBuildFile; fileRef = 15C7EC4C1FE2AB415BD9CD95 /* Pods_InstagramUITests.framework */; };
/* End PBXBuildFile section */

/* Begin PBXContainerItemProxy section */
		4E09F6E82150A4DD00F167DD /* PBXContainerItemProxy */ = {
			isa = PBXContainerItemProxy;
			containerPortal = 4E09F6CB2150A4DB00F167DD /* Project object */;
			proxyType = 1;
			remoteGlobalIDString = 4E09F6D22150A4DB00F167DD;
			remoteInfo = Instagram;
		};
		4E09F6F32150A4DD00F167DD /* PBXContainerItemProxy */ = {
			isa = PBXContainerItemProxy;
			containerPortal = 4E09F6CB2150A4DB00F167DD /* Project object */;
			proxyType = 1;
			remoteGlobalIDString = 4E09F6D22150A4DB00F167DD;
			remoteInfo = Instagram;
		};
/* End PBXContainerItemProxy section */

/* Begin PBXFileReference section */
		15C7EC4C1FE2AB415BD9CD95 /* Pods_InstagramUITests.framework */ = {isa = PBXFileReference; explicitFileType = wrapper.framework; includeInIndex = 0; path = Pods_InstagramUITests.framework; sourceTree = BUILT_PRODUCTS_DIR; };
		293A1B02536BF86CC2D0C024 /* Pods-InstagramTests.release.xcconfig */ = {isa = PBXFileReference; includeInIndex = 1; lastKnownFileType = text.xcconfig; name = "Pods-InstagramTests.release.xcconfig"; path = "Pods/Target Support Files/Pods-InstagramTests/Pods-InstagramTests.release.xcconfig"; sourceTree = "<group>"; };
		4AC3667E5512186AEDA0B4E6 /* Pods-Instagram.release.xcconfig */ = {isa = PBXFileReference; includeInIndex = 1; lastKnownFileType = text.xcconfig; name = "Pods-Instagram.release.xcconfig"; path = "Pods/Target Support Files/Pods-Instagram/Pods-Instagram.release.xcconfig"; sourceTree = "<group>"; };
		4E09F6D32150A4DB00F167DD /* Instagram.app */ = {isa = PBXFileReference; explicitFileType = wrapper.application; includeInIndex = 0; path = Instagram.app; sourceTree = BUILT_PRODUCTS_DIR; };
		4E09F6D62150A4DB00F167DD /* AppDelegate.swift */ = {isa = PBXFileReference; lastKnownFileType = sourcecode.swift; path = AppDelegate.swift; sourceTree = "<group>"; };
		4E09F6DB2150A4DB00F167DD /* Base */ = {isa = PBXFileReference; lastKnownFileType = file.storyboard; name = Base; path = Base.lproj/Main.storyboard; sourceTree = "<group>"; };
		4E09F6DD2150A4DD00F167DD /* Assets.xcassets */ = {isa = PBXFileReference; lastKnownFileType = folder.assetcatalog; path = Assets.xcassets; sourceTree = "<group>"; };
		4E09F6E02150A4DD00F167DD /* Base */ = {isa = PBXFileReference; lastKnownFileType = file.storyboard; name = Base; path = Base.lproj/LaunchScreen.storyboard; sourceTree = "<group>"; };
		4E09F6E22150A4DD00F167DD /* Info.plist */ = {isa = PBXFileReference; lastKnownFileType = text.plist.xml; path = Info.plist; sourceTree = "<group>"; };
		4E09F6E72150A4DD00F167DD /* InstagramTests.xctest */ = {isa = PBXFileReference; explicitFileType = wrapper.cfbundle; includeInIndex = 0; path = InstagramTests.xctest; sourceTree = BUILT_PRODUCTS_DIR; };
		4E09F6EB2150A4DD00F167DD /* InstagramTests.swift */ = {isa = PBXFileReference; lastKnownFileType = sourcecode.swift; path = InstagramTests.swift; sourceTree = "<group>"; };
		4E09F6ED2150A4DD00F167DD /* Info.plist */ = {isa = PBXFileReference; lastKnownFileType = text.plist.xml; path = Info.plist; sourceTree = "<group>"; };
		4E09F6F22150A4DD00F167DD /* InstagramUITests.xctest */ = {isa = PBXFileReference; explicitFileType = wrapper.cfbundle; includeInIndex = 0; path = InstagramUITests.xctest; sourceTree = BUILT_PRODUCTS_DIR; };
		4E09F6F62150A4DD00F167DD /* InstagramUITests.swift */ = {isa = PBXFileReference; lastKnownFileType = sourcecode.swift; path = InstagramUITests.swift; sourceTree = "<group>"; };
		4E09F6F82150A4DD00F167DD /* Info.plist */ = {isa = PBXFileReference; lastKnownFileType = text.plist.xml; path = Info.plist; sourceTree = "<group>"; };
		4E09F707215334D100F167DD /* LoginViewController.swift */ = {isa = PBXFileReference; lastKnownFileType = sourcecode.swift; path = LoginViewController.swift; sourceTree = "<group>"; };
		4E61F80D2155D44400B698D9 /* HomeFeedViewController.swift */ = {isa = PBXFileReference; lastKnownFileType = sourcecode.swift; path = HomeFeedViewController.swift; sourceTree = "<group>"; };
		4EE040A82156313E001FDD81 /* PhotoMapViewController.swift */ = {isa = PBXFileReference; lastKnownFileType = sourcecode.swift; path = PhotoMapViewController.swift; sourceTree = "<group>"; };
		4EE040AA215776FE001FDD81 /* HomeTableViewCell.swift */ = {isa = PBXFileReference; lastKnownFileType = sourcecode.swift; path = HomeTableViewCell.swift; sourceTree = "<group>"; };
		4EE040AC215783E6001FDD81 /* ProfileViewController.swift */ = {isa = PBXFileReference; lastKnownFileType = sourcecode.swift; path = ProfileViewController.swift; sourceTree = "<group>"; };
		4EE07809215DA92800501956 /* Post.swift */ = {isa = PBXFileReference; lastKnownFileType = sourcecode.swift; path = Post.swift; sourceTree = "<group>"; };
		4EE0780B215DAC5A00501956 /* PostDetailViewController.swift */ = {isa = PBXFileReference; lastKnownFileType = sourcecode.swift; path = PostDetailViewController.swift; sourceTree = "<group>"; };
		4EE0780F215DB14F00501956 /* Showtime.swift */ = {isa = PBXFileReference; lastKnownFileType = sourcecode.swift; path = Showtime.swift; sourceTree = "<group>"; };
		5A1C6E353C65E009FCB3618D /* Pods-InstagramTests.debug.xcconfig */ = {isa = PBXFileReference; includeInIndex = 1; lastKnownFileType = text.xcconfig; name = "Pods-InstagramTests.debug.xcconfig"; path = "Pods/Target Support Files/Pods-InstagramTests/Pods-InstagramTests.debug.xcconfig"; sourceTree = "<group>"; };
		A6C674B5D74AF172DE0DF3F2 /* Pods-Instagram.debug.xcconfig */ = {isa = PBXFileReference; includeInIndex = 1; lastKnownFileType = text.xcconfig; name = "Pods-Instagram.debug.xcconfig"; path = "Pods/Target Support Files/Pods-Instagram/Pods-Instagram.debug.xcconfig"; sourceTree = "<group>"; };
		B81EE49C0CD54A26EE62CB9C /* Pods_InstagramTests.framework */ = {isa = PBXFileReference; explicitFileType = wrapper.framework; includeInIndex = 0; path = Pods_InstagramTests.framework; sourceTree = BUILT_PRODUCTS_DIR; };
		C18434FE07F2EBC422B9C10D /* Pods_Instagram.framework */ = {isa = PBXFileReference; explicitFileType = wrapper.framework; includeInIndex = 0; path = Pods_Instagram.framework; sourceTree = BUILT_PRODUCTS_DIR; };
		C650EE889BF4C3F428B0CA5F /* Pods-InstagramUITests.release.xcconfig */ = {isa = PBXFileReference; includeInIndex = 1; lastKnownFileType = text.xcconfig; name = "Pods-InstagramUITests.release.xcconfig"; path = "Pods/Target Support Files/Pods-InstagramUITests/Pods-InstagramUITests.release.xcconfig"; sourceTree = "<group>"; };
		E495FEBE6D07943AC1710D5A /* Pods-InstagramUITests.debug.xcconfig */ = {isa = PBXFileReference; includeInIndex = 1; lastKnownFileType = text.xcconfig; name = "Pods-InstagramUITests.debug.xcconfig"; path = "Pods/Target Support Files/Pods-InstagramUITests/Pods-InstagramUITests.debug.xcconfig"; sourceTree = "<group>"; };
/* End PBXFileReference section */

/* Begin PBXFrameworksBuildPhase section */
		4E09F6D02150A4DB00F167DD /* Frameworks */ = {
			isa = PBXFrameworksBuildPhase;
			buildActionMask = 2147483647;
			files = (
				6722A9CF33C528C304C50EB8 /* Pods_Instagram.framework in Frameworks */,
			);
			runOnlyForDeploymentPostprocessing = 0;
		};
		4E09F6E42150A4DD00F167DD /* Frameworks */ = {
			isa = PBXFrameworksBuildPhase;
			buildActionMask = 2147483647;
			files = (
				8DE6360BECDD6C339CD10685 /* Pods_InstagramTests.framework in Frameworks */,
			);
			runOnlyForDeploymentPostprocessing = 0;
		};
		4E09F6EF2150A4DD00F167DD /* Frameworks */ = {
			isa = PBXFrameworksBuildPhase;
			buildActionMask = 2147483647;
			files = (
				9B63A0EF2234AC9DFC36D899 /* Pods_InstagramUITests.framework in Frameworks */,
			);
			runOnlyForDeploymentPostprocessing = 0;
		};
/* End PBXFrameworksBuildPhase section */

/* Begin PBXGroup section */
		4E09F6CA2150A4DB00F167DD = {
			isa = PBXGroup;
			children = (
				4E09F6D52150A4DB00F167DD /* Instagram */,
				4E09F6EA2150A4DD00F167DD /* InstagramTests */,
				4E09F6F52150A4DD00F167DD /* InstagramUITests */,
				4E09F6D42150A4DB00F167DD /* Products */,
				C391E4ED33DD08933028EAC6 /* Pods */,
				A0955384A4A0F7AF7C7DB603 /* Frameworks */,
			);
			sourceTree = "<group>";
		};
		4E09F6D42150A4DB00F167DD /* Products */ = {
			isa = PBXGroup;
			children = (
				4E09F6D32150A4DB00F167DD /* Instagram.app */,
				4E09F6E72150A4DD00F167DD /* InstagramTests.xctest */,
				4E09F6F22150A4DD00F167DD /* InstagramUITests.xctest */,
			);
			name = Products;
			sourceTree = "<group>";
		};
		4E09F6D52150A4DB00F167DD /* Instagram */ = {
			isa = PBXGroup;
			children = (
				4EE040AA215776FE001FDD81 /* HomeTableViewCell.swift */,
				4EE07808215DA68900501956 /* ViewController */,
				4E09F6D62150A4DB00F167DD /* AppDelegate.swift */,
				4E09F6DA2150A4DB00F167DD /* Main.storyboard */,
				4E09F6DD2150A4DD00F167DD /* Assets.xcassets */,
				4E09F6DF2150A4DD00F167DD /* LaunchScreen.storyboard */,
				4E09F6E22150A4DD00F167DD /* Info.plist */,
				4EE07809215DA92800501956 /* Post.swift */,
				4EE0780F215DB14F00501956 /* Showtime.swift */,
			);
			path = Instagram;
			sourceTree = "<group>";
		};
		4E09F6EA2150A4DD00F167DD /* InstagramTests */ = {
			isa = PBXGroup;
			children = (
				4E09F6EB2150A4DD00F167DD /* InstagramTests.swift */,
				4E09F6ED2150A4DD00F167DD /* Info.plist */,
			);
			path = InstagramTests;
			sourceTree = "<group>";
		};
		4E09F6F52150A4DD00F167DD /* InstagramUITests */ = {
			isa = PBXGroup;
			children = (
				4E09F6F62150A4DD00F167DD /* InstagramUITests.swift */,
				4E09F6F82150A4DD00F167DD /* Info.plist */,
			);
			path = InstagramUITests;
			sourceTree = "<group>";
		};
		4EE07808215DA68900501956 /* ViewController */ = {
			isa = PBXGroup;
			children = (
				4E09F707215334D100F167DD /* LoginViewController.swift */,
				4E61F80D2155D44400B698D9 /* HomeFeedViewController.swift */,
				4EE040A82156313E001FDD81 /* PhotoMapViewController.swift */,
				4EE040AC215783E6001FDD81 /* ProfileViewController.swift */,
				4EE0780B215DAC5A00501956 /* PostDetailViewController.swift */,
			);
			path = ViewController;
			sourceTree = "<group>";
		};
		A0955384A4A0F7AF7C7DB603 /* Frameworks */ = {
			isa = PBXGroup;
			children = (
				C18434FE07F2EBC422B9C10D /* Pods_Instagram.framework */,
				B81EE49C0CD54A26EE62CB9C /* Pods_InstagramTests.framework */,
				15C7EC4C1FE2AB415BD9CD95 /* Pods_InstagramUITests.framework */,
			);
			name = Frameworks;
			sourceTree = "<group>";
		};
		C391E4ED33DD08933028EAC6 /* Pods */ = {
			isa = PBXGroup;
			children = (
				A6C674B5D74AF172DE0DF3F2 /* Pods-Instagram.debug.xcconfig */,
				4AC3667E5512186AEDA0B4E6 /* Pods-Instagram.release.xcconfig */,
				5A1C6E353C65E009FCB3618D /* Pods-InstagramTests.debug.xcconfig */,
				293A1B02536BF86CC2D0C024 /* Pods-InstagramTests.release.xcconfig */,
				E495FEBE6D07943AC1710D5A /* Pods-InstagramUITests.debug.xcconfig */,
				C650EE889BF4C3F428B0CA5F /* Pods-InstagramUITests.release.xcconfig */,
			);
			name = Pods;
			sourceTree = "<group>";
		};
/* End PBXGroup section */

/* Begin PBXNativeTarget section */
		4E09F6D22150A4DB00F167DD /* Instagram */ = {
			isa = PBXNativeTarget;
			buildConfigurationList = 4E09F6FB2150A4DD00F167DD /* Build configuration list for PBXNativeTarget "Instagram" */;
			buildPhases = (
				1E0DA5B92278830FE788DCBD /* [CP] Check Pods Manifest.lock */,
				4E09F6CF2150A4DB00F167DD /* Sources */,
				4E09F6D02150A4DB00F167DD /* Frameworks */,
				4E09F6D12150A4DB00F167DD /* Resources */,
				3210AC5D4AD91199306BFDE3 /* [CP] Embed Pods Frameworks */,
			);
			buildRules = (
			);
			dependencies = (
			);
			name = Instagram;
			productName = Instagram;
			productReference = 4E09F6D32150A4DB00F167DD /* Instagram.app */;
			productType = "com.apple.product-type.application";
		};
		4E09F6E62150A4DD00F167DD /* InstagramTests */ = {
			isa = PBXNativeTarget;
			buildConfigurationList = 4E09F6FE2150A4DD00F167DD /* Build configuration list for PBXNativeTarget "InstagramTests" */;
			buildPhases = (
				C1AD3366F0E1281C0304E7F4 /* [CP] Check Pods Manifest.lock */,
				4E09F6E32150A4DD00F167DD /* Sources */,
				4E09F6E42150A4DD00F167DD /* Frameworks */,
				4E09F6E52150A4DD00F167DD /* Resources */,
			);
			buildRules = (
			);
			dependencies = (
				4E09F6E92150A4DD00F167DD /* PBXTargetDependency */,
			);
			name = InstagramTests;
			productName = InstagramTests;
			productReference = 4E09F6E72150A4DD00F167DD /* InstagramTests.xctest */;
			productType = "com.apple.product-type.bundle.unit-test";
		};
		4E09F6F12150A4DD00F167DD /* InstagramUITests */ = {
			isa = PBXNativeTarget;
			buildConfigurationList = 4E09F7012150A4DD00F167DD /* Build configuration list for PBXNativeTarget "InstagramUITests" */;
			buildPhases = (
				0E8C50FF76EE59DDB0FAFD2E /* [CP] Check Pods Manifest.lock */,
				4E09F6EE2150A4DD00F167DD /* Sources */,
				4E09F6EF2150A4DD00F167DD /* Frameworks */,
				4E09F6F02150A4DD00F167DD /* Resources */,
			);
			buildRules = (
			);
			dependencies = (
				4E09F6F42150A4DD00F167DD /* PBXTargetDependency */,
			);
			name = InstagramUITests;
			productName = InstagramUITests;
			productReference = 4E09F6F22150A4DD00F167DD /* InstagramUITests.xctest */;
			productType = "com.apple.product-type.bundle.ui-testing";
		};
/* End PBXNativeTarget section */

/* Begin PBXProject section */
		4E09F6CB2150A4DB00F167DD /* Project object */ = {
			isa = PBXProject;
			attributes = {
				LastSwiftUpdateCheck = 1000;
				LastUpgradeCheck = 1000;
				ORGANIZATIONNAME = "Jangey Lu";
				TargetAttributes = {
					4E09F6D22150A4DB00F167DD = {
						CreatedOnToolsVersion = 10.0;
					};
					4E09F6E62150A4DD00F167DD = {
						CreatedOnToolsVersion = 10.0;
						TestTargetID = 4E09F6D22150A4DB00F167DD;
					};
					4E09F6F12150A4DD00F167DD = {
						CreatedOnToolsVersion = 10.0;
						TestTargetID = 4E09F6D22150A4DB00F167DD;
					};
				};
			};
			buildConfigurationList = 4E09F6CE2150A4DB00F167DD /* Build configuration list for PBXProject "Instagram" */;
			compatibilityVersion = "Xcode 9.3";
			developmentRegion = en;
			hasScannedForEncodings = 0;
			knownRegions = (
				en,
				Base,
			);
			mainGroup = 4E09F6CA2150A4DB00F167DD;
			productRefGroup = 4E09F6D42150A4DB00F167DD /* Products */;
			projectDirPath = "";
			projectRoot = "";
			targets = (
				4E09F6D22150A4DB00F167DD /* Instagram */,
				4E09F6E62150A4DD00F167DD /* InstagramTests */,
				4E09F6F12150A4DD00F167DD /* InstagramUITests */,
			);
		};
/* End PBXProject section */

/* Begin PBXResourcesBuildPhase section */
		4E09F6D12150A4DB00F167DD /* Resources */ = {
			isa = PBXResourcesBuildPhase;
			buildActionMask = 2147483647;
			files = (
				4E09F6E12150A4DD00F167DD /* LaunchScreen.storyboard in Resources */,
				4E09F6DE2150A4DD00F167DD /* Assets.xcassets in Resources */,
				4E09F6DC2150A4DB00F167DD /* Main.storyboard in Resources */,
			);
			runOnlyForDeploymentPostprocessing = 0;
		};
		4E09F6E52150A4DD00F167DD /* Resources */ = {
			isa = PBXResourcesBuildPhase;
			buildActionMask = 2147483647;
			files = (
			);
			runOnlyForDeploymentPostprocessing = 0;
		};
		4E09F6F02150A4DD00F167DD /* Resources */ = {
			isa = PBXResourcesBuildPhase;
			buildActionMask = 2147483647;
			files = (
			);
			runOnlyForDeploymentPostprocessing = 0;
		};
/* End PBXResourcesBuildPhase section */

/* Begin PBXShellScriptBuildPhase section */
		0E8C50FF76EE59DDB0FAFD2E /* [CP] Check Pods Manifest.lock */ = {
			isa = PBXShellScriptBuildPhase;
			buildActionMask = 2147483647;
			files = (
			);
			inputFileListPaths = (
			);
			inputPaths = (
				"${PODS_PODFILE_DIR_PATH}/Podfile.lock",
				"${PODS_ROOT}/Manifest.lock",
			);
			name = "[CP] Check Pods Manifest.lock";
			outputFileListPaths = (
			);
			outputPaths = (
				"$(DERIVED_FILE_DIR)/Pods-InstagramUITests-checkManifestLockResult.txt",
			);
			runOnlyForDeploymentPostprocessing = 0;
			shellPath = /bin/sh;
			shellScript = "diff \"${PODS_PODFILE_DIR_PATH}/Podfile.lock\" \"${PODS_ROOT}/Manifest.lock\" > /dev/null\nif [ $? != 0 ] ; then\n    # print error to STDERR\n    echo \"error: The sandbox is not in sync with the Podfile.lock. Run 'pod install' or update your CocoaPods installation.\" >&2\n    exit 1\nfi\n# This output is used by Xcode 'outputs' to avoid re-running this script phase.\necho \"SUCCESS\" > \"${SCRIPT_OUTPUT_FILE_0}\"\n";
			showEnvVarsInLog = 0;
		};
		1E0DA5B92278830FE788DCBD /* [CP] Check Pods Manifest.lock */ = {
			isa = PBXShellScriptBuildPhase;
			buildActionMask = 2147483647;
			files = (
			);
			inputFileListPaths = (
			);
			inputPaths = (
				"${PODS_PODFILE_DIR_PATH}/Podfile.lock",
				"${PODS_ROOT}/Manifest.lock",
			);
			name = "[CP] Check Pods Manifest.lock";
			outputFileListPaths = (
			);
			outputPaths = (
				"$(DERIVED_FILE_DIR)/Pods-Instagram-checkManifestLockResult.txt",
			);
			runOnlyForDeploymentPostprocessing = 0;
			shellPath = /bin/sh;
			shellScript = "diff \"${PODS_PODFILE_DIR_PATH}/Podfile.lock\" \"${PODS_ROOT}/Manifest.lock\" > /dev/null\nif [ $? != 0 ] ; then\n    # print error to STDERR\n    echo \"error: The sandbox is not in sync with the Podfile.lock. Run 'pod install' or update your CocoaPods installation.\" >&2\n    exit 1\nfi\n# This output is used by Xcode 'outputs' to avoid re-running this script phase.\necho \"SUCCESS\" > \"${SCRIPT_OUTPUT_FILE_0}\"\n";
			showEnvVarsInLog = 0;
		};
		3210AC5D4AD91199306BFDE3 /* [CP] Embed Pods Frameworks */ = {
			isa = PBXShellScriptBuildPhase;
			buildActionMask = 2147483647;
			files = (
			);
			inputFileListPaths = (
			);
			inputPaths = (
				"${SRCROOT}/Pods/Target Support Files/Pods-Instagram/Pods-Instagram-frameworks.sh",
				"${BUILT_PRODUCTS_DIR}/Bolts/Bolts.framework",
				"${BUILT_PRODUCTS_DIR}/Parse/Parse.framework",
				"${BUILT_PRODUCTS_DIR}/ParseUI/ParseUI.framework",
			);
			name = "[CP] Embed Pods Frameworks";
			outputFileListPaths = (
			);
			outputPaths = (
				"${TARGET_BUILD_DIR}/${FRAMEWORKS_FOLDER_PATH}/Bolts.framework",
				"${TARGET_BUILD_DIR}/${FRAMEWORKS_FOLDER_PATH}/Parse.framework",
				"${TARGET_BUILD_DIR}/${FRAMEWORKS_FOLDER_PATH}/ParseUI.framework",
			);
			runOnlyForDeploymentPostprocessing = 0;
			shellPath = /bin/sh;
			shellScript = "\"${SRCROOT}/Pods/Target Support Files/Pods-Instagram/Pods-Instagram-frameworks.sh\"\n";
			showEnvVarsInLog = 0;
		};
		C1AD3366F0E1281C0304E7F4 /* [CP] Check Pods Manifest.lock */ = {
			isa = PBXShellScriptBuildPhase;
			buildActionMask = 2147483647;
			files = (
			);
			inputFileListPaths = (
			);
			inputPaths = (
				"${PODS_PODFILE_DIR_PATH}/Podfile.lock",
				"${PODS_ROOT}/Manifest.lock",
			);
			name = "[CP] Check Pods Manifest.lock";
			outputFileListPaths = (
			);
			outputPaths = (
				"$(DERIVED_FILE_DIR)/Pods-InstagramTests-checkManifestLockResult.txt",
			);
			runOnlyForDeploymentPostprocessing = 0;
			shellPath = /bin/sh;
			shellScript = "diff \"${PODS_PODFILE_DIR_PATH}/Podfile.lock\" \"${PODS_ROOT}/Manifest.lock\" > /dev/null\nif [ $? != 0 ] ; then\n    # print error to STDERR\n    echo \"error: The sandbox is not in sync with the Podfile.lock. Run 'pod install' or update your CocoaPods installation.\" >&2\n    exit 1\nfi\n# This output is used by Xcode 'outputs' to avoid re-running this script phase.\necho \"SUCCESS\" > \"${SCRIPT_OUTPUT_FILE_0}\"\n";
			showEnvVarsInLog = 0;
		};
/* End PBXShellScriptBuildPhase section */

/* Begin PBXSourcesBuildPhase section */
		4E09F6CF2150A4DB00F167DD /* Sources */ = {
			isa = PBXSourcesBuildPhase;
			buildActionMask = 2147483647;
			files = (
				4EE040AD215783E6001FDD81 /* ProfileViewController.swift in Sources */,
				4EE0780C215DAC5A00501956 /* PostDetailViewController.swift in Sources */,
				4EE07810215DB14F00501956 /* Showtime.swift in Sources */,
				4EE040A92156313E001FDD81 /* PhotoMapViewController.swift in Sources */,
				4E09F708215334D100F167DD /* LoginViewController.swift in Sources */,
				4EE040AB215776FE001FDD81 /* HomeTableViewCell.swift in Sources */,
				4E09F6D72150A4DB00F167DD /* AppDelegate.swift in Sources */,
				4EE0780A215DA92800501956 /* Post.swift in Sources */,
				4E61F80E2155D44400B698D9 /* HomeFeedViewController.swift in Sources */,
			);
			runOnlyForDeploymentPostprocessing = 0;
		};
		4E09F6E32150A4DD00F167DD /* Sources */ = {
			isa = PBXSourcesBuildPhase;
			buildActionMask = 2147483647;
			files = (
				4E09F6EC2150A4DD00F167DD /* InstagramTests.swift in Sources */,
			);
			runOnlyForDeploymentPostprocessing = 0;
		};
		4E09F6EE2150A4DD00F167DD /* Sources */ = {
			isa = PBXSourcesBuildPhase;
			buildActionMask = 2147483647;
			files = (
				4E09F6F72150A4DD00F167DD /* InstagramUITests.swift in Sources */,
			);
			runOnlyForDeploymentPostprocessing = 0;
		};
/* End PBXSourcesBuildPhase section */

/* Begin PBXTargetDependency section */
		4E09F6E92150A4DD00F167DD /* PBXTargetDependency */ = {
			isa = PBXTargetDependency;
			target = 4E09F6D22150A4DB00F167DD /* Instagram */;
			targetProxy = 4E09F6E82150A4DD00F167DD /* PBXContainerItemProxy */;
		};
		4E09F6F42150A4DD00F167DD /* PBXTargetDependency */ = {
			isa = PBXTargetDependency;
			target = 4E09F6D22150A4DB00F167DD /* Instagram */;
			targetProxy = 4E09F6F32150A4DD00F167DD /* PBXContainerItemProxy */;
		};
/* End PBXTargetDependency section */

/* Begin PBXVariantGroup section */
		4E09F6DA2150A4DB00F167DD /* Main.storyboard */ = {
			isa = PBXVariantGroup;
			children = (
				4E09F6DB2150A4DB00F167DD /* Base */,
			);
			name = Main.storyboard;
			sourceTree = "<group>";
		};
		4E09F6DF2150A4DD00F167DD /* LaunchScreen.storyboard */ = {
			isa = PBXVariantGroup;
			children = (
				4E09F6E02150A4DD00F167DD /* Base */,
			);
			name = LaunchScreen.storyboard;
			sourceTree = "<group>";
		};
/* End PBXVariantGroup section */

/* Begin XCBuildConfiguration section */
		4E09F6F92150A4DD00F167DD /* Debug */ = {
			isa = XCBuildConfiguration;
			buildSettings = {
				ALWAYS_SEARCH_USER_PATHS = NO;
				CLANG_ANALYZER_NONNULL = YES;
				CLANG_ANALYZER_NUMBER_OBJECT_CONVERSION = YES_AGGRESSIVE;
				CLANG_CXX_LANGUAGE_STANDARD = "gnu++14";
				CLANG_CXX_LIBRARY = "libc++";
				CLANG_ENABLE_MODULES = YES;
				CLANG_ENABLE_OBJC_ARC = YES;
				CLANG_ENABLE_OBJC_WEAK = YES;
				CLANG_WARN_BLOCK_CAPTURE_AUTORELEASING = YES;
				CLANG_WARN_BOOL_CONVERSION = YES;
				CLANG_WARN_COMMA = YES;
				CLANG_WARN_CONSTANT_CONVERSION = YES;
				CLANG_WARN_DEPRECATED_OBJC_IMPLEMENTATIONS = YES;
				CLANG_WARN_DIRECT_OBJC_ISA_USAGE = YES_ERROR;
				CLANG_WARN_DOCUMENTATION_COMMENTS = YES;
				CLANG_WARN_EMPTY_BODY = YES;
				CLANG_WARN_ENUM_CONVERSION = YES;
				CLANG_WARN_INFINITE_RECURSION = YES;
				CLANG_WARN_INT_CONVERSION = YES;
				CLANG_WARN_NON_LITERAL_NULL_CONVERSION = YES;
				CLANG_WARN_OBJC_IMPLICIT_RETAIN_SELF = YES;
				CLANG_WARN_OBJC_LITERAL_CONVERSION = YES;
				CLANG_WARN_OBJC_ROOT_CLASS = YES_ERROR;
				CLANG_WARN_RANGE_LOOP_ANALYSIS = YES;
				CLANG_WARN_STRICT_PROTOTYPES = YES;
				CLANG_WARN_SUSPICIOUS_MOVE = YES;
				CLANG_WARN_UNGUARDED_AVAILABILITY = YES_AGGRESSIVE;
				CLANG_WARN_UNREACHABLE_CODE = YES;
				CLANG_WARN__DUPLICATE_METHOD_MATCH = YES;
				CODE_SIGN_IDENTITY = "iPhone Developer";
				COPY_PHASE_STRIP = NO;
				DEBUG_INFORMATION_FORMAT = dwarf;
				ENABLE_STRICT_OBJC_MSGSEND = YES;
				ENABLE_TESTABILITY = YES;
				GCC_C_LANGUAGE_STANDARD = gnu11;
				GCC_DYNAMIC_NO_PIC = NO;
				GCC_NO_COMMON_BLOCKS = YES;
				GCC_OPTIMIZATION_LEVEL = 0;
				GCC_PREPROCESSOR_DEFINITIONS = (
					"DEBUG=1",
					"$(inherited)",
				);
				GCC_WARN_64_TO_32_BIT_CONVERSION = YES;
				GCC_WARN_ABOUT_RETURN_TYPE = YES_ERROR;
				GCC_WARN_UNDECLARED_SELECTOR = YES;
				GCC_WARN_UNINITIALIZED_AUTOS = YES_AGGRESSIVE;
				GCC_WARN_UNUSED_FUNCTION = YES;
				GCC_WARN_UNUSED_VARIABLE = YES;
				IPHONEOS_DEPLOYMENT_TARGET = 12.0;
				MTL_ENABLE_DEBUG_INFO = INCLUDE_SOURCE;
				MTL_FAST_MATH = YES;
				ONLY_ACTIVE_ARCH = YES;
				SDKROOT = iphoneos;
				SWIFT_ACTIVE_COMPILATION_CONDITIONS = DEBUG;
				SWIFT_OPTIMIZATION_LEVEL = "-Onone";
			};
			name = Debug;
		};
		4E09F6FA2150A4DD00F167DD /* Release */ = {
			isa = XCBuildConfiguration;
			buildSettings = {
				ALWAYS_SEARCH_USER_PATHS = NO;
				CLANG_ANALYZER_NONNULL = YES;
				CLANG_ANALYZER_NUMBER_OBJECT_CONVERSION = YES_AGGRESSIVE;
				CLANG_CXX_LANGUAGE_STANDARD = "gnu++14";
				CLANG_CXX_LIBRARY = "libc++";
				CLANG_ENABLE_MODULES = YES;
				CLANG_ENABLE_OBJC_ARC = YES;
				CLANG_ENABLE_OBJC_WEAK = YES;
				CLANG_WARN_BLOCK_CAPTURE_AUTORELEASING = YES;
				CLANG_WARN_BOOL_CONVERSION = YES;
				CLANG_WARN_COMMA = YES;
				CLANG_WARN_CONSTANT_CONVERSION = YES;
				CLANG_WARN_DEPRECATED_OBJC_IMPLEMENTATIONS = YES;
				CLANG_WARN_DIRECT_OBJC_ISA_USAGE = YES_ERROR;
				CLANG_WARN_DOCUMENTATION_COMMENTS = YES;
				CLANG_WARN_EMPTY_BODY = YES;
				CLANG_WARN_ENUM_CONVERSION = YES;
				CLANG_WARN_INFINITE_RECURSION = YES;
				CLANG_WARN_INT_CONVERSION = YES;
				CLANG_WARN_NON_LITERAL_NULL_CONVERSION = YES;
				CLANG_WARN_OBJC_IMPLICIT_RETAIN_SELF = YES;
				CLANG_WARN_OBJC_LITERAL_CONVERSION = YES;
				CLANG_WARN_OBJC_ROOT_CLASS = YES_ERROR;
				CLANG_WARN_RANGE_LOOP_ANALYSIS = YES;
				CLANG_WARN_STRICT_PROTOTYPES = YES;
				CLANG_WARN_SUSPICIOUS_MOVE = YES;
				CLANG_WARN_UNGUARDED_AVAILABILITY = YES_AGGRESSIVE;
				CLANG_WARN_UNREACHABLE_CODE = YES;
				CLANG_WARN__DUPLICATE_METHOD_MATCH = YES;
				CODE_SIGN_IDENTITY = "iPhone Developer";
				COPY_PHASE_STRIP = NO;
				DEBUG_INFORMATION_FORMAT = "dwarf-with-dsym";
				ENABLE_NS_ASSERTIONS = NO;
				ENABLE_STRICT_OBJC_MSGSEND = YES;
				GCC_C_LANGUAGE_STANDARD = gnu11;
				GCC_NO_COMMON_BLOCKS = YES;
				GCC_WARN_64_TO_32_BIT_CONVERSION = YES;
				GCC_WARN_ABOUT_RETURN_TYPE = YES_ERROR;
				GCC_WARN_UNDECLARED_SELECTOR = YES;
				GCC_WARN_UNINITIALIZED_AUTOS = YES_AGGRESSIVE;
				GCC_WARN_UNUSED_FUNCTION = YES;
				GCC_WARN_UNUSED_VARIABLE = YES;
				IPHONEOS_DEPLOYMENT_TARGET = 12.0;
				MTL_ENABLE_DEBUG_INFO = NO;
				MTL_FAST_MATH = YES;
				SDKROOT = iphoneos;
				SWIFT_COMPILATION_MODE = wholemodule;
				SWIFT_OPTIMIZATION_LEVEL = "-O";
				VALIDATE_PRODUCT = YES;
			};
			name = Release;
		};
		4E09F6FC2150A4DD00F167DD /* Debug */ = {
			isa = XCBuildConfiguration;
			baseConfigurationReference = A6C674B5D74AF172DE0DF3F2 /* Pods-Instagram.debug.xcconfig */;
			buildSettings = {
				ASSETCATALOG_COMPILER_APPICON_NAME = AppIcon;
				CODE_SIGN_STYLE = Automatic;
				INFOPLIST_FILE = Instagram/Info.plist;
				LD_RUNPATH_SEARCH_PATHS = (
					"$(inherited)",
					"@executable_path/Frameworks",
				);
				PRODUCT_BUNDLE_IDENTIFIER = Jangey.Instagram;
				PRODUCT_NAME = "$(TARGET_NAME)";
				SWIFT_VERSION = 4.2;
				TARGETED_DEVICE_FAMILY = "1,2";
			};
			name = Debug;
		};
		4E09F6FD2150A4DD00F167DD /* Release */ = {
			isa = XCBuildConfiguration;
			baseConfigurationReference = 4AC3667E5512186AEDA0B4E6 /* Pods-Instagram.release.xcconfig */;
			buildSettings = {
				ASSETCATALOG_COMPILER_APPICON_NAME = AppIcon;
				CODE_SIGN_STYLE = Automatic;
				INFOPLIST_FILE = Instagram/Info.plist;
				LD_RUNPATH_SEARCH_PATHS = (
					"$(inherited)",
					"@executable_path/Frameworks",
				);
				PRODUCT_BUNDLE_IDENTIFIER = Jangey.Instagram;
				PRODUCT_NAME = "$(TARGET_NAME)";
				SWIFT_VERSION = 4.2;
				TARGETED_DEVICE_FAMILY = "1,2";
			};
			name = Release;
		};
		4E09F6FF2150A4DD00F167DD /* Debug */ = {
			isa = XCBuildConfiguration;
			baseConfigurationReference = 5A1C6E353C65E009FCB3618D /* Pods-InstagramTests.debug.xcconfig */;
			buildSettings = {
				ALWAYS_EMBED_SWIFT_STANDARD_LIBRARIES = YES;
				BUNDLE_LOADER = "$(TEST_HOST)";
				CODE_SIGN_STYLE = Automatic;
				INFOPLIST_FILE = InstagramTests/Info.plist;
				LD_RUNPATH_SEARCH_PATHS = (
					"$(inherited)",
					"@executable_path/Frameworks",
					"@loader_path/Frameworks",
				);
				PRODUCT_BUNDLE_IDENTIFIER = Jangey.InstagramTests;
				PRODUCT_NAME = "$(TARGET_NAME)";
				SWIFT_VERSION = 4.2;
				TARGETED_DEVICE_FAMILY = "1,2";
				TEST_HOST = "$(BUILT_PRODUCTS_DIR)/Instagram.app/Instagram";
			};
			name = Debug;
		};
		4E09F7002150A4DD00F167DD /* Release */ = {
			isa = XCBuildConfiguration;
			baseConfigurationReference = 293A1B02536BF86CC2D0C024 /* Pods-InstagramTests.release.xcconfig */;
			buildSettings = {
				ALWAYS_EMBED_SWIFT_STANDARD_LIBRARIES = YES;
				BUNDLE_LOADER = "$(TEST_HOST)";
				CODE_SIGN_STYLE = Automatic;
				INFOPLIST_FILE = InstagramTests/Info.plist;
				LD_RUNPATH_SEARCH_PATHS = (
					"$(inherited)",
					"@executable_path/Frameworks",
					"@loader_path/Frameworks",
				);
				PRODUCT_BUNDLE_IDENTIFIER = Jangey.InstagramTests;
				PRODUCT_NAME = "$(TARGET_NAME)";
				SWIFT_VERSION = 4.2;
				TARGETED_DEVICE_FAMILY = "1,2";
				TEST_HOST = "$(BUILT_PRODUCTS_DIR)/Instagram.app/Instagram";
			};
			name = Release;
		};
		4E09F7022150A4DD00F167DD /* Debug */ = {
			isa = XCBuildConfiguration;
			baseConfigurationReference = E495FEBE6D07943AC1710D5A /* Pods-InstagramUITests.debug.xcconfig */;
			buildSettings = {
				ALWAYS_EMBED_SWIFT_STANDARD_LIBRARIES = YES;
				CODE_SIGN_STYLE = Automatic;
				INFOPLIST_FILE = InstagramUITests/Info.plist;
				LD_RUNPATH_SEARCH_PATHS = (
					"$(inherited)",
					"@executable_path/Frameworks",
					"@loader_path/Frameworks",
				);
				PRODUCT_BUNDLE_IDENTIFIER = Jangey.InstagramUITests;
				PRODUCT_NAME = "$(TARGET_NAME)";
				SWIFT_VERSION = 4.2;
				TARGETED_DEVICE_FAMILY = "1,2";
				TEST_TARGET_NAME = Instagram;
			};
			name = Debug;
		};
		4E09F7032150A4DD00F167DD /* Release */ = {
			isa = XCBuildConfiguration;
			baseConfigurationReference = C650EE889BF4C3F428B0CA5F /* Pods-InstagramUITests.release.xcconfig */;
			buildSettings = {
				ALWAYS_EMBED_SWIFT_STANDARD_LIBRARIES = YES;
				CODE_SIGN_STYLE = Automatic;
				INFOPLIST_FILE = InstagramUITests/Info.plist;
				LD_RUNPATH_SEARCH_PATHS = (
					"$(inherited)",
					"@executable_path/Frameworks",
					"@loader_path/Frameworks",
				);
				PRODUCT_BUNDLE_IDENTIFIER = Jangey.InstagramUITests;
				PRODUCT_NAME = "$(TARGET_NAME)";
				SWIFT_VERSION = 4.2;
				TARGETED_DEVICE_FAMILY = "1,2";
				TEST_TARGET_NAME = Instagram;
			};
			name = Release;
		};
/* End XCBuildConfiguration section */

/* Begin XCConfigurationList section */
		4E09F6CE2150A4DB00F167DD /* Build configuration list for PBXProject "Instagram" */ = {
			isa = XCConfigurationList;
			buildConfigurations = (
				4E09F6F92150A4DD00F167DD /* Debug */,
				4E09F6FA2150A4DD00F167DD /* Release */,
			);
			defaultConfigurationIsVisible = 0;
			defaultConfigurationName = Release;
		};
		4E09F6FB2150A4DD00F167DD /* Build configuration list for PBXNativeTarget "Instagram" */ = {
			isa = XCConfigurationList;
			buildConfigurations = (
				4E09F6FC2150A4DD00F167DD /* Debug */,
				4E09F6FD2150A4DD00F167DD /* Release */,
			);
			defaultConfigurationIsVisible = 0;
			defaultConfigurationName = Release;
		};
		4E09F6FE2150A4DD00F167DD /* Build configuration list for PBXNativeTarget "InstagramTests" */ = {
			isa = XCConfigurationList;
			buildConfigurations = (
				4E09F6FF2150A4DD00F167DD /* Debug */,
				4E09F7002150A4DD00F167DD /* Release */,
			);
			defaultConfigurationIsVisible = 0;
			defaultConfigurationName = Release;
		};
		4E09F7012150A4DD00F167DD /* Build configuration list for PBXNativeTarget "InstagramUITests" */ = {
			isa = XCConfigurationList;
			buildConfigurations = (
				4E09F7022150A4DD00F167DD /* Debug */,
				4E09F7032150A4DD00F167DD /* Release */,
			);
			defaultConfigurationIsVisible = 0;
			defaultConfigurationName = Release;
		};
/* End XCConfigurationList section */
	};
	rootObject = 4E09F6CB2150A4DB00F167DD /* Project object */;
}
